// !$*UTF8*$!
{
	archiveVersion = 1;
	classes = {
	};
	objectVersion = 56;
	objects = {

/* Begin PBXBuildFile section */
		AA100001 /* OctopusSchedulerApp.swift in Sources */ = {isa = PBXBuildFile; fileRef = AA000001 /* OctopusSchedulerApp.swift */; };
		AA100002 /* AppDelegate.swift in Sources */ = {isa = PBXBuildFile; fileRef = AA000002 /* AppDelegate.swift */; };
		AA100003 /* Config.swift in Sources */ = {isa = PBXBuildFile; fileRef = AA000003 /* Config.swift */; };
		AA100004 /* Schedule.swift in Sources */ = {isa = PBXBuildFile; fileRef = AA000004 /* Schedule.swift */; };
		AA100005 /* PromptTemplate.swift in Sources */ = {isa = PBXBuildFile; fileRef = AA000005 /* PromptTemplate.swift */; };
		AA100006 /* ConfigManager.swift in Sources */ = {isa = PBXBuildFile; fileRef = AA000006 /* ConfigManager.swift */; };
		AA100007 /* SchedulerEngine.swift in Sources */ = {isa = PBXBuildFile; fileRef = AA000007 /* SchedulerEngine.swift */; };
		AA100008 /* PromptLoader.swift in Sources */ = {isa = PBXBuildFile; fileRef = AA000008 /* PromptLoader.swift */; };
		AA100009 /* ClaudeAutomator.swift in Sources */ = {isa = PBXBuildFile; fileRef = AA000009 /* ClaudeAutomator.swift */; };
		AA10000A /* MenuBarView.swift in Sources */ = {isa = PBXBuildFile; fileRef = AA00000A /* MenuBarView.swift */; };
		AA10000B /* SettingsView.swift in Sources */ = {isa = PBXBuildFile; fileRef = AA00000B /* SettingsView.swift */; };
		AA10000C /* NotificationService.swift in Sources */ = {isa = PBXBuildFile; fileRef = AA000010 /* NotificationService.swift */; };
		AA10000D /* LogService.swift in Sources */ = {isa = PBXBuildFile; fileRef = AA000011 /* LogService.swift */; };
		AA10000E /* Assets.xcassets in Resources */ = {isa = PBXBuildFile; fileRef = AA00000E /* Assets.xcassets */; };
		AA10000F /* BridgeService.swift in Sources */ = {isa = PBXBuildFile; fileRef = AA000012 /* BridgeService.swift */; };
/* End PBXBuildFile section */

/* Begin PBXFileReference section */
		AA000001 /* OctopusSchedulerApp.swift */ = {isa = PBXFileReference; lastKnownFileType = sourcecode.swift; path = OctopusSchedulerApp.swift; sourceTree = "<group>"; };
		AA000002 /* AppDelegate.swift */ = {isa = PBXFileReference; lastKnownFileType = sourcecode.swift; path = AppDelegate.swift; sourceTree = "<group>"; };
		AA000003 /* Config.swift */ = {isa = PBXFileReference; lastKnownFileType = sourcecode.swift; path = Config.swift; sourceTree = "<group>"; };
		AA000004 /* Schedule.swift */ = {isa = PBXFileReference; lastKnownFileType = sourcecode.swift; path = Schedule.swift; sourceTree = "<group>"; };
		AA000005 /* PromptTemplate.swift */ = {isa = PBXFileReference; lastKnownFileType = sourcecode.swift; path = PromptTemplate.swift; sourceTree = "<group>"; };
		AA000006 /* ConfigManager.swift */ = {isa = PBXFileReference; lastKnownFileType = sourcecode.swift; path = ConfigManager.swift; sourceTree = "<group>"; };
		AA000007 /* SchedulerEngine.swift */ = {isa = PBXFileReference; lastKnownFileType = sourcecode.swift; path = SchedulerEngine.swift; sourceTree = "<group>"; };
		AA000008 /* PromptLoader.swift */ = {isa = PBXFileReference; lastKnownFileType = sourcecode.swift; path = PromptLoader.swift; sourceTree = "<group>"; };
		AA000009 /* ClaudeAutomator.swift */ = {isa = PBXFileReference; lastKnownFileType = sourcecode.swift; path = ClaudeAutomator.swift; sourceTree = "<group>"; };
		AA00000A /* MenuBarView.swift */ = {isa = PBXFileReference; lastKnownFileType = sourcecode.swift; path = MenuBarView.swift; sourceTree = "<group>"; };
		AA00000B /* SettingsView.swift */ = {isa = PBXFileReference; lastKnownFileType = sourcecode.swift; path = SettingsView.swift; sourceTree = "<group>"; };
		AA00000C /* Info.plist */ = {isa = PBXFileReference; lastKnownFileType = text.plist.xml; path = Info.plist; sourceTree = "<group>"; };
		AA00000D /* OctopusScheduler.entitlements */ = {isa = PBXFileReference; lastKnownFileType = text.plist.entitlements; path = OctopusScheduler.entitlements; sourceTree = "<group>"; };
		AA00000E /* Assets.xcassets */ = {isa = PBXFileReference; lastKnownFileType = folder.assetcatalog; path = Assets.xcassets; sourceTree = "<group>"; };
		AA00000F /* OctopusScheduler.app */ = {isa = PBXFileReference; explicitFileType = wrapper.application; includeInIndex = 0; path = OctopusScheduler.app; sourceTree = BUILT_PRODUCTS_DIR; };
		AA000010 /* NotificationService.swift */ = {isa = PBXFileReference; lastKnownFileType = sourcecode.swift; path = NotificationService.swift; sourceTree = "<group>"; };
		AA000011 /* LogService.swift */ = {isa = PBXFileReference; lastKnownFileType = sourcecode.swift; path = LogService.swift; sourceTree = "<group>"; };
		AA000012 /* BridgeService.swift */ = {isa = PBXFileReference; lastKnownFileType = sourcecode.swift; path = BridgeService.swift; sourceTree = "<group>"; };
/* End PBXFileReference section */

/* Begin PBXFrameworksBuildPhase section */
		DD000003 /* Frameworks */ = {
			isa = PBXFrameworksBuildPhase;
			buildActionMask = 2147483647;
			files = (
			);
			runOnlyForDeploymentPostprocessing = 0;
		};
/* End PBXFrameworksBuildPhase section */

/* Begin PBXGroup section */
		CC000001 /* Main */ = {
			isa = PBXGroup;
			children = (
				CC000002 /* OctopusScheduler */,
				CC000007 /* Products */,
			);
			sourceTree = "<group>";
		};
		CC000002 /* OctopusScheduler */ = {
			isa = PBXGroup;
			children = (
				AA000001 /* OctopusSchedulerApp.swift */,
				AA000002 /* AppDelegate.swift */,
				AA00000C /* Info.plist */,
				AA00000D /* OctopusScheduler.entitlements */,
				CC000003 /* Models */,
				CC000004 /* Services */,
				CC000005 /* Views */,
				CC000006 /* Resources */,
			);
			path = OctopusScheduler;
			sourceTree = "<group>";
		};
		CC000003 /* Models */ = {
			isa = PBXGroup;
			children = (
				AA000003 /* Config.swift */,
				AA000004 /* Schedule.swift */,
				AA000005 /* PromptTemplate.swift */,
			);
			path = Models;
			sourceTree = "<group>";
		};
		CC000004 /* Services */ = {
			isa = PBXGroup;
			children = (
				AA000006 /* ConfigManager.swift */,
				AA000007 /* SchedulerEngine.swift */,
				AA000008 /* PromptLoader.swift */,
				AA000009 /* ClaudeAutomator.swift */,
				AA000010 /* NotificationService.swift */,
				AA000011 /* LogService.swift */,
				AA000012 /* BridgeService.swift */,
			);
			path = Services;
			sourceTree = "<group>";
		};
		CC000005 /* Views */ = {
			isa = PBXGroup;
			children = (
				AA00000A /* MenuBarView.swift */,
				AA00000B /* SettingsView.swift */,
			);
			path = Views;
			sourceTree = "<group>";
		};
		CC000006 /* Resources */ = {
			isa = PBXGroup;
			children = (
				AA00000E /* Assets.xcassets */,
			);
			path = Resources;
			sourceTree = "<group>";
		};
		CC000007 /* Products */ = {
			isa = PBXGroup;
			children = (
				AA00000F /* OctopusScheduler.app */,
			);
			name = Products;
			sourceTree = "<group>";
		};
/* End PBXGroup section */

/* Begin PBXNativeTarget section */
		EE000001 /* OctopusScheduler */ = {
			isa = PBXNativeTarget;
			buildConfigurationList = 12000001 /* Build configuration list for PBXNativeTarget "OctopusScheduler" */;
			buildPhases = (
				DD000001 /* Sources */,
				DD000003 /* Frameworks */,
				DD000002 /* Resources */,
			);
			buildRules = (
			);
			dependencies = (
			);
			name = OctopusScheduler;
			productName = OctopusScheduler;
			productReference = AA00000F /* OctopusScheduler.app */;
			productType = "com.apple.product-type.application";
		};
/* End PBXNativeTarget section */

/* Begin PBXProject section */
		FF000001 /* Project object */ = {
			isa = PBXProject;
			attributes = {
				BuildIndependentTargetsInParallel = 1;
				LastSwiftUpdateCheck = 1500;
				LastUpgradeCheck = 1500;
			};
			buildConfigurationList = 12000002 /* Build configuration list for PBXProject "OctopusScheduler" */;
			compatibilityVersion = "Xcode 14.0";
			developmentRegion = en;
			hasScannedForEncodings = 0;
			knownRegions = (
				en,
				Base,
			);
			mainGroup = CC000001 /* Main */;
			productRefGroup = CC000007 /* Products */;
			projectDirPath = "";
			projectRoot = "";
			targets = (
				EE000001 /* OctopusScheduler */,
			);
		};
/* End PBXProject section */

/* Begin PBXResourcesBuildPhase section */
		DD000002 /* Resources */ = {
			isa = PBXResourcesBuildPhase;
			buildActionMask = 2147483647;
			files = (
				AA10000E /* Assets.xcassets in Resources */,
			);
			runOnlyForDeploymentPostprocessing = 0;
		};
/* End PBXResourcesBuildPhase section */

/* Begin PBXSourcesBuildPhase section */
		DD000001 /* Sources */ = {
			isa = PBXSourcesBuildPhase;
			buildActionMask = 2147483647;
			files = (
				AA100001 /* OctopusSchedulerApp.swift in Sources */,
				AA100002 /* AppDelegate.swift in Sources */,
				AA100003 /* Config.swift in Sources */,
				AA100004 /* Schedule.swift in Sources */,
				AA100005 /* PromptTemplate.swift in Sources */,
				AA100006 /* ConfigManager.swift in Sources */,
				AA100007 /* SchedulerEngine.swift in Sources */,
				AA100008 /* PromptLoader.swift in Sources */,
				AA100009 /* ClaudeAutomator.swift in Sources */,
				AA10000A /* MenuBarView.swift in Sources */,
				AA10000B /* SettingsView.swift in Sources */,
				AA10000C /* NotificationService.swift in Sources */,
				AA10000D /* LogService.swift in Sources */,
				AA10000F /* BridgeService.swift in Sources */,
			);
			runOnlyForDeploymentPostprocessing = 0;
		};
/* End PBXSourcesBuildPhase section */

/* Begin XCBuildConfiguration section */
		11000001 /* Debug */ = {
			isa = XCBuildConfiguration;
			buildSettings = {
				ASSETCATALOG_COMPILER_APPICON_NAME = AppIcon;
				CODE_SIGN_ENTITLEMENTS = OctopusScheduler/OctopusScheduler.entitlements;
				CODE_SIGN_STYLE = Automatic;
				COMBINE_HIDPI_IMAGES = YES;
				CURRENT_PROJECT_VERSION = 1;
				GENERATE_INFOPLIST_FILE = NO;
				INFOPLIST_FILE = OctopusScheduler/Info.plist;
				INFOPLIST_KEY_LSUIElement = YES;
				LD_RUNPATH_SEARCH_PATHS = (
					"$(inherited)",
					"@executable_path/../Frameworks",
				);
				MACOSX_DEPLOYMENT_TARGET = 13.0;
				MARKETING_VERSION = 1.0;
				PRODUCT_BUNDLE_IDENTIFIER = com.aramai.OctopusScheduler;
				PRODUCT_NAME = "$(TARGET_NAME)";
				SWIFT_EMIT_LOC_STRINGS = YES;
				SWIFT_VERSION = 5.0;
			};
			name = Debug;
		};
		11000002 /* Release */ = {
			isa = XCBuildConfiguration;
			buildSettings = {
				ASSETCATALOG_COMPILER_APPICON_NAME = AppIcon;
				CODE_SIGN_ENTITLEMENTS = OctopusScheduler/OctopusScheduler.entitlements;
				CODE_SIGN_STYLE = Automatic;
				COMBINE_HIDPI_IMAGES = YES;
				CURRENT_PROJECT_VERSION = 1;
				GENERATE_INFOPLIST_FILE = NO;
				INFOPLIST_FILE = OctopusScheduler/Info.plist;
				INFOPLIST_KEY_LSUIElement = YES;
				LD_RUNPATH_SEARCH_PATHS = (
					"$(inherited)",
					"@executable_path/../Frameworks",
				);
				MACOSX_DEPLOYMENT_TARGET = 13.0;
				MARKETING_VERSION = 1.0;
				PRODUCT_BUNDLE_IDENTIFIER = com.aramai.OctopusScheduler;
				PRODUCT_NAME = "$(TARGET_NAME)";
				SWIFT_EMIT_LOC_STRINGS = YES;
				SWIFT_VERSION = 5.0;
			};
			name = Release;
		};
		11000003 /* Debug */ = {
			isa = XCBuildConfiguration;
			buildSettings = {
				ALWAYS_SEARCH_USER_PATHS = NO;
				CLANG_ANALYZER_NONNULL = YES;
				CLANG_ANALYZER_NUMBER_OBJECT_CONVERSION = YES_AGGRESSIVE;
				CLANG_CXX_LANGUAGE_STANDARD = "gnu++20";
				CLANG_ENABLE_MODULES = YES;
				CLANG_ENABLE_OBJC_ARC = YES;
				CLANG_ENABLE_OBJC_WEAK = YES;
				CLANG_WARN_BLOCK_CAPTURE_AUTORELEASING = YES;
				CLANG_WARN_BOOL_CONVERSION = YES;
				CLANG_WARN_COMMA = YES;
				CLANG_WARN_CONSTANT_CONVERSION = YES;
				CLANG_WARN_DEPRECATED_OBJC_IMPLEMENTATIONS = YES;
				CLANG_WARN_DIRECT_OBJC_ISA_USAGE = YES_ERROR;
				CLANG_WARN_DOCUMENTATION_COMMENTS = YES;
				CLANG_WARN_EMPTY_BODY = YES;
				CLANG_WARN_ENUM_CONVERSION = YES;
				CLANG_WARN_INFINITE_RECURSION = YES;
				CLANG_WARN_INT_CONVERSION = YES;
				CLANG_WARN_NON_LITERAL_NULL_CONVERSION = YES;
				CLANG_WARN_OBJC_IMPLICIT_RETAIN_SELF = YES;
				CLANG_WARN_OBJC_LITERAL_CONVERSION = YES;
				CLANG_WARN_OBJC_ROOT_CLASS = YES_ERROR;
				CLANG_WARN_QUOTED_INCLUDE_IN_FRAMEWORK_HEADER = YES;
				CLANG_WARN_RANGE_LOOP_ANALYSIS = YES;
				CLANG_WARN_STRICT_PROTOTYPES = YES;
				CLANG_WARN_SUSPICIOUS_MOVE = YES;
				CLANG_WARN_UNGUARDED_AVAILABILITY = YES_AGGRESSIVE;
				CLANG_WARN_UNREACHABLE_CODE = YES;
				CLANG_WARN__DUPLICATE_METHOD_MATCH = YES;
				COPY_PHASE_STRIP = NO;
				DEBUG_INFORMATION_FORMAT = dwarf;
				ENABLE_STRICT_OBJC_MSGSEND = YES;
				ENABLE_TESTABILITY = YES;
				GCC_C_LANGUAGE_STANDARD = gnu17;
				GCC_DYNAMIC_NO_PIC = NO;
				GCC_NO_COMMON_BLOCKS = YES;
				GCC_OPTIMIZATION_LEVEL = 0;
				GCC_PREPROCESSOR_DEFINITIONS = (
					"DEBUG=1",
					"$(inherited)",
				);
				GCC_WARN_64_TO_32_BIT_CONVERSION = YES;
				GCC_WARN_ABOUT_RETURN_TYPE = YES_ERROR;
				GCC_WARN_UNDECLARED_SELECTOR = YES;
				GCC_WARN_UNINITIALIZED_AUTOS = YES_AGGRESSIVE;
				GCC_WARN_UNUSED_FUNCTION = YES;
				GCC_WARN_UNUSED_VARIABLE = YES;
				MACOSX_DEPLOYMENT_TARGET = 13.0;
				MTL_ENABLE_DEBUG_INFO = INCLUDE_SOURCE;
				MTL_FAST_MATH = YES;
				ONLY_ACTIVE_ARCH = YES;
				SDKROOT = macosx;
				SWIFT_ACTIVE_COMPILATION_CONDITIONS = "$(inherited) DEBUG";
				SWIFT_OPTIMIZATION_LEVEL = "-Onone";
			};
			name = Debug;
		};
		11000004 /* Release */ = {
			isa = XCBuildConfiguration;
			buildSettings = {
				ALWAYS_SEARCH_USER_PATHS = NO;
				CLANG_ANALYZER_NONNULL = YES;
				CLANG_ANALYZER_NUMBER_OBJECT_CONVERSION = YES_AGGRESSIVE;
				CLANG_CXX_LANGUAGE_STANDARD = "gnu++20";
				CLANG_ENABLE_MODULES = YES;
				CLANG_ENABLE_OBJC_ARC = YES;
				CLANG_ENABLE_OBJC_WEAK = YES;
				CLANG_WARN_BLOCK_CAPTURE_AUTORELEASING = YES;
				CLANG_WARN_BOOL_CONVERSION = YES;
				CLANG_WARN_COMMA = YES;
				CLANG_WARN_CONSTANT_CONVERSION = YES;
				CLANG_WARN_DEPRECATED_OBJC_IMPLEMENTATIONS = YES;
				CLANG_WARN_DIRECT_OBJC_ISA_USAGE = YES_ERROR;
				CLANG_WARN_DOCUMENTATION_COMMENTS = YES;
				CLANG_WARN_EMPTY_BODY = YES;
				CLANG_WARN_ENUM_CONVERSION = YES;
				CLANG_WARN_INFINITE_RECURSION = YES;
				CLANG_WARN_INT_CONVERSION = YES;
				CLANG_WARN_NON_LITERAL_NULL_CONVERSION = YES;
				CLANG_WARN_OBJC_IMPLICIT_RETAIN_SELF = YES;
				CLANG_WARN_OBJC_LITERAL_CONVERSION = YES;
				CLANG_WARN_OBJC_ROOT_CLASS = YES_ERROR;
				CLANG_WARN_QUOTED_INCLUDE_IN_FRAMEWORK_HEADER = YES;
				CLANG_WARN_RANGE_LOOP_ANALYSIS = YES;
				CLANG_WARN_STRICT_PROTOTYPES = YES;
				CLANG_WARN_SUSPICIOUS_MOVE = YES;
				CLANG_WARN_UNGUARDED_AVAILABILITY = YES_AGGRESSIVE;
				CLANG_WARN_UNREACHABLE_CODE = YES;
				CLANG_WARN__DUPLICATE_METHOD_MATCH = YES;
				COPY_PHASE_STRIP = NO;
				DEBUG_INFORMATION_FORMAT = "dwarf-with-dsym";
				ENABLE_NS_ASSERTIONS = NO;
				ENABLE_STRICT_OBJC_MSGSEND = YES;
				GCC_C_LANGUAGE_STANDARD = gnu17;
				GCC_NO_COMMON_BLOCKS = YES;
				GCC_WARN_64_TO_32_BIT_CONVERSION = YES;
				GCC_WARN_ABOUT_RETURN_TYPE = YES_ERROR;
				GCC_WARN_UNDECLARED_SELECTOR = YES;
				GCC_WARN_UNINITIALIZED_AUTOS = YES_AGGRESSIVE;
				GCC_WARN_UNUSED_FUNCTION = YES;
				GCC_WARN_UNUSED_VARIABLE = YES;
				MACOSX_DEPLOYMENT_TARGET = 13.0;
				MTL_FAST_MATH = YES;
				SDKROOT = macosx;
				SWIFT_COMPILATION_MODE = wholemodule;
			};
			name = Release;
		};
/* End XCBuildConfiguration section */

/* Begin XCConfigurationList section */
		12000001 /* Build configuration list for PBXNativeTarget "OctopusScheduler" */ = {
			isa = XCConfigurationList;
			buildConfigurations = (
				11000001 /* Debug */,
				11000002 /* Release */,
			);
			defaultConfigurationIsVisible = 0;
			defaultConfigurationName = Release;
		};
		12000002 /* Build configuration list for PBXProject "OctopusScheduler" */ = {
			isa = XCConfigurationList;
			buildConfigurations = (
				11000003 /* Debug */,
				11000004 /* Release */,
			);
			defaultConfigurationIsVisible = 0;
			defaultConfigurationName = Release;
		};
/* End XCConfigurationList section */
	};
	rootObject = FF000001 /* Project object */;
}
